
Microsoft Visual Studio Solution File, Format Version 12.00
# Visual Studio Version 17
VisualStudioVersion = 17.13.35828.75
MinimumVisualStudioVersion = 10.0.40219.1
Project("{FAE04EC0-301F-11D3-BF4B-00C04F79EFBC}") = "LendSpace", "LendSpace\LendSpace.csproj", "{29BE3D03-FD61-419B-9DF2-7811A9F6E5EF}"
EndProject
Global
	GlobalSection(SolutionConfigurationPlatforms) = preSolution
		Debug|Any CPU = Debug|Any CPU
		Release|Any CPU = Release|Any CPU
	EndGlobalSection
	GlobalSection(ProjectConfigurationPlatforms) = postSolution
		{29BE3D03-FD61-419B-9DF2-7811A9F6E5EF}.Debug|Any CPU.ActiveCfg = Debug|Any CPU
		{29BE3D03-FD61-419B-9DF2-7811A9F6E5EF}.Debug|Any CPU.Build.0 = Debug|Any CPU
		{29BE3D03-FD61-419B-9DF2-7811A9F6E5EF}.Release|Any CPU.ActiveCfg = Release|Any CPU
		{29BE3D03-FD61-419B-9DF2-7811A9F6E5EF}.Release|Any CPU.Build.0 = Release|Any CPU
	EndGlobalSection
	GlobalSection(SolutionProperties) = preSolution
		HideSolutionNode = FALSE
	EndGlobalSection
	GlobalSection(ExtensibilityGlobals) = postSolution
		SolutionGuid = {DB47BC56-66DE-46F2-AD4C-D1E543FEB303}
	EndGlobalSection
EndGlobal
